Microsoft Visual Studio Solution File, Format Version 12.00
# Visual Studio Version 17
VisualStudioVersion = 17.5.2.0
MinimumVisualStudioVersion = 10.0.40219.1
Project("{2150E333-8FDC-42A3-9474-1A3956D46DE8}") = "ProyectoUno", "ProyectoUno", "{AA16DDEB-E917-37B1-EB0C-FBF9EDE22A68}"
EndProject
Project("{FAE04EC0-301F-11D3-BF4B-00C04F79EFBC}") = "probandoCodeSpaces", "ProyectoUno\probandoCodeSpaces\probandoCodeSpaces.csproj", "{150C0056-1F06-85C7-55CA-8B6D73725E76}"
EndProject
Global
	GlobalSection(SolutionConfigurationPlatforms) = preSolution
		Debug|Any CPU = Debug|Any CPU
		Release|Any CPU = Release|Any CPU
	EndGlobalSection
	GlobalSection(ProjectConfigurationPlatforms) = postSolution
		{150C0056-1F06-85C7-55CA-8B6D73725E76}.Debug|Any CPU.ActiveCfg = Debug|Any CPU
		{150C0056-1F06-85C7-55CA-8B6D73725E76}.Debug|Any CPU.Build.0 = Debug|Any CPU
		{150C0056-1F06-85C7-55CA-8B6D73725E76}.Release|Any CPU.ActiveCfg = Release|Any CPU
		{150C0056-1F06-85C7-55CA-8B6D73725E76}.Release|Any CPU.Build.0 = Release|Any CPU
	EndGlobalSection
	GlobalSection(SolutionProperties) = preSolution
		HideSolutionNode = FALSE
	EndGlobalSection
	GlobalSection(NestedProjects) = preSolution
		{150C0056-1F06-85C7-55CA-8B6D73725E76} = {AA16DDEB-E917-37B1-EB0C-FBF9EDE22A68}
	EndGlobalSection
	GlobalSection(ExtensibilityGlobals) = postSolution
		SolutionGuid = {4E31FABD-38E4-48F4-B18E-1E582C443772}
	EndGlobalSection
EndGlobal
